
Microsoft Visual Studio Solution File, Format Version 12.00
# Visual Studio Version 17
VisualStudioVersion = 17.5.002.0
MinimumVisualStudioVersion = 10.0.40219.1
Project("{9A19103F-16F7-4668-BE54-9A1E7A4F7556}") = "WebSiteForAzure", "WebSiteForAzure.csproj", "{565A78EA-47DF-468C-81F5-01E4392C8B61}"
EndProject
Global
	GlobalSection(SolutionConfigurationPlatforms) = preSolution
		Debug|Any CPU = Debug|Any CPU
		Release|Any CPU = Release|Any CPU
	EndGlobalSection
	GlobalSection(ProjectConfigurationPlatforms) = postSolution
		{565A78EA-47DF-468C-81F5-01E4392C8B61}.Debug|Any CPU.ActiveCfg = Debug|Any CPU
		{565A78EA-47DF-468C-81F5-01E4392C8B61}.Debug|Any CPU.Build.0 = Debug|Any CPU
		{565A78EA-47DF-468C-81F5-01E4392C8B61}.Release|Any CPU.ActiveCfg = Release|Any CPU
		{565A78EA-47DF-468C-81F5-01E4392C8B61}.Release|Any CPU.Build.0 = Release|Any CPU
	EndGlobalSection
	GlobalSection(SolutionProperties) = preSolution
		HideSolutionNode = FALSE
	EndGlobalSection
	GlobalSection(ExtensibilityGlobals) = postSolution
		SolutionGuid = {31AEBFD3-3631-44CC-BCB5-EE061A7ABED3}
	EndGlobalSection
EndGlobal
